
Microsoft Visual Studio Solution File, Format Version 12.00
# Visual Studio Version 17
VisualStudioVersion = 17.9.34723.18
MinimumVisualStudioVersion = 10.0.40219.1
Project("{FAE04EC0-301F-11D3-BF4B-00C04F79EFBC}") = "BLOC3ProjetReservationJO", "BLOC3ProjetReservationJO.csproj", "{EA14E358-750E-4E04-8B9B-CB0C8D5069A9}"
EndProject
Global
	GlobalSection(SolutionConfigurationPlatforms) = preSolution
		Debug|Any CPU = Debug|Any CPU
		Release|Any CPU = Release|Any CPU
	EndGlobalSection
	GlobalSection(ProjectConfigurationPlatforms) = postSolution
		{EA14E358-750E-4E04-8B9B-CB0C8D5069A9}.Debug|Any CPU.ActiveCfg = Debug|Any CPU
		{EA14E358-750E-4E04-8B9B-CB0C8D5069A9}.Debug|Any CPU.Build.0 = Debug|Any CPU
		{EA14E358-750E-4E04-8B9B-CB0C8D5069A9}.Release|Any CPU.ActiveCfg = Release|Any CPU
		{EA14E358-750E-4E04-8B9B-CB0C8D5069A9}.Release|Any CPU.Build.0 = Release|Any CPU
	EndGlobalSection
	GlobalSection(SolutionProperties) = preSolution
		HideSolutionNode = FALSE
	EndGlobalSection
	GlobalSection(ExtensibilityGlobals) = postSolution
		SolutionGuid = {8AD439F2-1DC0-4741-A716-F5069046C9C3}
	EndGlobalSection
EndGlobal
